
Microsoft Visual Studio Solution File, Format Version 12.00
# Visual Studio Version 17
VisualStudioVersion = 17.6.33723.286
MinimumVisualStudioVersion = 10.0.40219.1
Project("{8BC9CEB8-8B4A-11D0-8D11-00A0C91BC942}") = "test1", "test1.vcxproj", "{EEA34E71-BAE7-46A0-9F1C-64B39927555D}"
EndProject
Global
	GlobalSection(SolutionConfigurationPlatforms) = preSolution
		Debug|x64 = Debug|x64
		Debug|x86 = Debug|x86
		Release|x64 = Release|x64
		Release|x86 = Release|x86
	EndGlobalSection
	GlobalSection(ProjectConfigurationPlatforms) = postSolution
		{EEA34E71-BAE7-46A0-9F1C-64B39927555D}.Debug|x64.ActiveCfg = Debug|x64
		{EEA34E71-BAE7-46A0-9F1C-64B39927555D}.Debug|x64.Build.0 = Debug|x64
		{EEA34E71-BAE7-46A0-9F1C-64B39927555D}.Debug|x86.ActiveCfg = Debug|Win32
		{EEA34E71-BAE7-46A0-9F1C-64B39927555D}.Debug|x86.Build.0 = Debug|Win32
		{EEA34E71-BAE7-46A0-9F1C-64B39927555D}.Release|x64.ActiveCfg = Release|x64
		{EEA34E71-BAE7-46A0-9F1C-64B39927555D}.Release|x64.Build.0 = Release|x64
		{EEA34E71-BAE7-46A0-9F1C-64B39927555D}.Release|x86.ActiveCfg = Release|Win32
		{EEA34E71-BAE7-46A0-9F1C-64B39927555D}.Release|x86.Build.0 = Release|Win32
	EndGlobalSection
	GlobalSection(SolutionProperties) = preSolution
		HideSolutionNode = FALSE
	EndGlobalSection
	GlobalSection(ExtensibilityGlobals) = postSolution
		SolutionGuid = {3F6FFB14-35B8-4A45-9334-F0F1886915BC}
	EndGlobalSection
EndGlobal
